
Microsoft Visual Studio Solution File, Format Version 11.00
# Visual Studio 2010
Project("{8BC9CEB8-8B4A-11D0-8D11-00A0C91BC942}") = "D2DStrokeStyle", "D2DStrokeStyle.vcxproj", "{22953FF4-7D9C-48DF-8087-03AD7A6FD38C}"
EndProject
Global
	GlobalSection(SolutionConfigurationPlatforms) = preSolution
		Debug|Win32 = Debug|Win32
		Release|Win32 = Release|Win32
	EndGlobalSection
	GlobalSection(ProjectConfigurationPlatforms) = postSolution
		{22953FF4-7D9C-48DF-8087-03AD7A6FD38C}.Debug|Win32.ActiveCfg = Debug|Win32
		{22953FF4-7D9C-48DF-8087-03AD7A6FD38C}.Debug|Win32.Build.0 = Debug|Win32
		{22953FF4-7D9C-48DF-8087-03AD7A6FD38C}.Release|Win32.ActiveCfg = Release|Win32
		{22953FF4-7D9C-48DF-8087-03AD7A6FD38C}.Release|Win32.Build.0 = Release|Win32
	EndGlobalSection
	GlobalSection(SolutionProperties) = preSolution
		HideSolutionNode = FALSE
	EndGlobalSection
EndGlobal
